
Microsoft Visual Studio Solution File, Format Version 12.00
# Visual Studio Version 17
VisualStudioVersion = 17.3.32922.545
MinimumVisualStudioVersion = 10.0.40219.1
Project("{9A19103F-16F7-4668-BE54-9A1E7A4F7556}") = "lab3", "lab3\lab3.csproj", "{C878337F-63BD-415B-9C42-CF9FC9A8AD33}"
EndProject
Project("{9A19103F-16F7-4668-BE54-9A1E7A4F7556}") = "Tests", "Tests\Tests.csproj", "{610BAEFA-EA11-4BA0-A07B-A767B71CA45B}"
EndProject
Project("{FAE04EC0-301F-11D3-BF4B-00C04F79EFBC}") = "MatrixLibrary", "MatrixLibrary\MatrixLibrary.csproj", "{28894E06-3E48-45CC-B876-FCEF9E0076A4}"
EndProject
Global
	GlobalSection(SolutionConfigurationPlatforms) = preSolution
		Debug|Any CPU = Debug|Any CPU
		Release|Any CPU = Release|Any CPU
	EndGlobalSection
	GlobalSection(ProjectConfigurationPlatforms) = postSolution
		{C878337F-63BD-415B-9C42-CF9FC9A8AD33}.Debug|Any CPU.ActiveCfg = Debug|Any CPU
		{C878337F-63BD-415B-9C42-CF9FC9A8AD33}.Debug|Any CPU.Build.0 = Debug|Any CPU
		{C878337F-63BD-415B-9C42-CF9FC9A8AD33}.Release|Any CPU.ActiveCfg = Release|Any CPU
		{C878337F-63BD-415B-9C42-CF9FC9A8AD33}.Release|Any CPU.Build.0 = Release|Any CPU
		{610BAEFA-EA11-4BA0-A07B-A767B71CA45B}.Debug|Any CPU.ActiveCfg = Debug|Any CPU
		{610BAEFA-EA11-4BA0-A07B-A767B71CA45B}.Debug|Any CPU.Build.0 = Debug|Any CPU
		{610BAEFA-EA11-4BA0-A07B-A767B71CA45B}.Release|Any CPU.ActiveCfg = Release|Any CPU
		{610BAEFA-EA11-4BA0-A07B-A767B71CA45B}.Release|Any CPU.Build.0 = Release|Any CPU
		{28894E06-3E48-45CC-B876-FCEF9E0076A4}.Debug|Any CPU.ActiveCfg = Debug|Any CPU
		{28894E06-3E48-45CC-B876-FCEF9E0076A4}.Debug|Any CPU.Build.0 = Debug|Any CPU
		{28894E06-3E48-45CC-B876-FCEF9E0076A4}.Release|Any CPU.ActiveCfg = Release|Any CPU
		{28894E06-3E48-45CC-B876-FCEF9E0076A4}.Release|Any CPU.Build.0 = Release|Any CPU
	EndGlobalSection
	GlobalSection(SolutionProperties) = preSolution
		HideSolutionNode = FALSE
	EndGlobalSection
	GlobalSection(ExtensibilityGlobals) = postSolution
		SolutionGuid = {88DB7110-1448-4FD2-8C91-A68C7124BBFB}
	EndGlobalSection
EndGlobal
